// !$*UTF8*$!
{
	archiveVersion = 1;
	classes = {
	};
	objectVersion = 51;
	objects = {

/* Begin PBXBuildFile section */
		1F4E1744254729E70044593E /* PlugView.swift in Sources */ = {isa = PBXBuildFile; fileRef = 1F4E1743254729E70044593E /* PlugView.swift */; };
		1F4E174625472D080044593E /* View.xib in Resources */ = {isa = PBXBuildFile; fileRef = 1F4E174525472D080044593E /* View.xib */; };
		1F882CFE2544710E008C0657 /* AppDelegate.swift in Sources */ = {isa = PBXBuildFile; fileRef = 1F882CFD2544710E008C0657 /* AppDelegate.swift */; };
		1F882D002544710E008C0657 /* SceneDelegate.swift in Sources */ = {isa = PBXBuildFile; fileRef = 1F882CFF2544710E008C0657 /* SceneDelegate.swift */; };
		1F882D052544710E008C0657 /* Main.storyboard in Resources */ = {isa = PBXBuildFile; fileRef = 1F882D032544710E008C0657 /* Main.storyboard */; };
		1F882D0725447114008C0657 /* Assets.xcassets in Resources */ = {isa = PBXBuildFile; fileRef = 1F882D0625447114008C0657 /* Assets.xcassets */; };
		1F882D0A25447114008C0657 /* LaunchScreen.storyboard in Resources */ = {isa = PBXBuildFile; fileRef = 1F882D0825447114008C0657 /* LaunchScreen.storyboard */; };
		1F882D182544A6B1008C0657 /* NewsCell.swift in Sources */ = {isa = PBXBuildFile; fileRef = 1F882D162544A6B1008C0657 /* NewsCell.swift */; };
		1F882D192544A6B1008C0657 /* NewsCell.xib in Resources */ = {isa = PBXBuildFile; fileRef = 1F882D172544A6B1008C0657 /* NewsCell.xib */; };
		1F882D1B2544BF55008C0657 /* News.swift in Sources */ = {isa = PBXBuildFile; fileRef = 1F882D1A2544BF55008C0657 /* News.swift */; };
		1F882D1D2544C52F008C0657 /* NewsTableViewController.swift in Sources */ = {isa = PBXBuildFile; fileRef = 1F882D1C2544C52F008C0657 /* NewsTableViewController.swift */; };
		1F882D202544C7D8008C0657 /* APIService.swift in Sources */ = {isa = PBXBuildFile; fileRef = 1F882D1F2544C7D8008C0657 /* APIService.swift */; };
		1F882D222545C63F008C0657 /* ViewController.swift in Sources */ = {isa = PBXBuildFile; fileRef = 1F882D212545C63F008C0657 /* ViewController.swift */; };
		DA6E05025878F80D0243257A /* Pods_NewsClient.framework in Frameworks */ = {isa = PBXBuildFile; fileRef = B10E311E8CB35F76BC4D511A /* Pods_NewsClient.framework */; };
/* End PBXBuildFile section */

/* Begin PBXFileReference section */
		1F4E1743254729E70044593E /* PlugView.swift */ = {isa = PBXFileReference; lastKnownFileType = sourcecode.swift; path = PlugView.swift; sourceTree = "<group>"; };
		1F4E174525472D080044593E /* View.xib */ = {isa = PBXFileReference; lastKnownFileType = file.xib; path = View.xib; sourceTree = "<group>"; };
		1F882CFA2544710E008C0657 /* NewsClient.app */ = {isa = PBXFileReference; explicitFileType = wrapper.application; includeInIndex = 0; path = NewsClient.app; sourceTree = BUILT_PRODUCTS_DIR; };
		1F882CFD2544710E008C0657 /* AppDelegate.swift */ = {isa = PBXFileReference; lastKnownFileType = sourcecode.swift; path = AppDelegate.swift; sourceTree = "<group>"; };
		1F882CFF2544710E008C0657 /* SceneDelegate.swift */ = {isa = PBXFileReference; lastKnownFileType = sourcecode.swift; path = SceneDelegate.swift; sourceTree = "<group>"; };
		1F882D042544710E008C0657 /* Base */ = {isa = PBXFileReference; lastKnownFileType = file.storyboard; name = Base; path = Base.lproj/Main.storyboard; sourceTree = "<group>"; };
		1F882D0625447114008C0657 /* Assets.xcassets */ = {isa = PBXFileReference; lastKnownFileType = folder.assetcatalog; path = Assets.xcassets; sourceTree = "<group>"; };
		1F882D0925447114008C0657 /* Base */ = {isa = PBXFileReference; lastKnownFileType = file.storyboard; name = Base; path = Base.lproj/LaunchScreen.storyboard; sourceTree = "<group>"; };
		1F882D0B25447114008C0657 /* Info.plist */ = {isa = PBXFileReference; lastKnownFileType = text.plist.xml; path = Info.plist; sourceTree = "<group>"; };
		1F882D162544A6B1008C0657 /* NewsCell.swift */ = {isa = PBXFileReference; lastKnownFileType = sourcecode.swift; path = NewsCell.swift; sourceTree = "<group>"; };
		1F882D172544A6B1008C0657 /* NewsCell.xib */ = {isa = PBXFileReference; lastKnownFileType = file.xib; path = NewsCell.xib; sourceTree = "<group>"; };
		1F882D1A2544BF55008C0657 /* News.swift */ = {isa = PBXFileReference; lastKnownFileType = sourcecode.swift; path = News.swift; sourceTree = "<group>"; };
		1F882D1C2544C52F008C0657 /* NewsTableViewController.swift */ = {isa = PBXFileReference; lastKnownFileType = sourcecode.swift; path = NewsTableViewController.swift; sourceTree = "<group>"; };
		1F882D1F2544C7D8008C0657 /* APIService.swift */ = {isa = PBXFileReference; lastKnownFileType = sourcecode.swift; path = APIService.swift; sourceTree = "<group>"; };
		1F882D212545C63F008C0657 /* ViewController.swift */ = {isa = PBXFileReference; lastKnownFileType = sourcecode.swift; path = ViewController.swift; sourceTree = "<group>"; };
		A86D09C84BD507B99757EE5F /* Pods-NewsClient.debug.xcconfig */ = {isa = PBXFileReference; includeInIndex = 1; lastKnownFileType = text.xcconfig; name = "Pods-NewsClient.debug.xcconfig"; path = "Target Support Files/Pods-NewsClient/Pods-NewsClient.debug.xcconfig"; sourceTree = "<group>"; };
		B10E311E8CB35F76BC4D511A /* Pods_NewsClient.framework */ = {isa = PBXFileReference; explicitFileType = wrapper.framework; includeInIndex = 0; path = Pods_NewsClient.framework; sourceTree = BUILT_PRODUCTS_DIR; };
		FC494C05610A697C6765F9B8 /* Pods-NewsClient.release.xcconfig */ = {isa = PBXFileReference; includeInIndex = 1; lastKnownFileType = text.xcconfig; name = "Pods-NewsClient.release.xcconfig"; path = "Target Support Files/Pods-NewsClient/Pods-NewsClient.release.xcconfig"; sourceTree = "<group>"; };
/* End PBXFileReference section */

/* Begin PBXFrameworksBuildPhase section */
		1F882CF72544710E008C0657 /* Frameworks */ = {
			isa = PBXFrameworksBuildPhase;
			buildActionMask = 2147483647;
			files = (
				DA6E05025878F80D0243257A /* Pods_NewsClient.framework in Frameworks */,
			);
			runOnlyForDeploymentPostprocessing = 0;
		};
/* End PBXFrameworksBuildPhase section */

/* Begin PBXGroup section */
		1F443B352549BD4400092834 /* Extensions */ = {
			isa = PBXGroup;
			children = (
			);
			path = Extensions;
			sourceTree = "<group>";
		};
		1F882CF12544710D008C0657 = {
			isa = PBXGroup;
			children = (
				1F882CFC2544710E008C0657 /* NewsClient */,
				1F882CFB2544710E008C0657 /* Products */,
				807D36204DEE659632801257 /* Pods */,
				B38882E8C0A73227D5C333AC /* Frameworks */,
			);
			sourceTree = "<group>";
		};
		1F882CFB2544710E008C0657 /* Products */ = {
			isa = PBXGroup;
			children = (
				1F882CFA2544710E008C0657 /* NewsClient.app */,
			);
			name = Products;
			sourceTree = "<group>";
		};
		1F882CFC2544710E008C0657 /* NewsClient */ = {
			isa = PBXGroup;
			children = (
				1F443B352549BD4400092834 /* Extensions */,
				1F882D1E2544C7B8008C0657 /* API */,
				1F882D152544A663008C0657 /* Views */,
				1F882D1425447705008C0657 /* Model */,
				1F882D112544732A008C0657 /* Controllers */,
				1F882CFD2544710E008C0657 /* AppDelegate.swift */,
				1F882CFF2544710E008C0657 /* SceneDelegate.swift */,
				1F882D212545C63F008C0657 /* ViewController.swift */,
				1F882D032544710E008C0657 /* Main.storyboard */,
				1F882D0625447114008C0657 /* Assets.xcassets */,
				1F882D0825447114008C0657 /* LaunchScreen.storyboard */,
				1F882D0B25447114008C0657 /* Info.plist */,
			);
			path = NewsClient;
			sourceTree = "<group>";
		};
		1F882D112544732A008C0657 /* Controllers */ = {
			isa = PBXGroup;
			children = (
				1F882D1C2544C52F008C0657 /* NewsTableViewController.swift */,
			);
			path = Controllers;
			sourceTree = "<group>";
		};
		1F882D1425447705008C0657 /* Model */ = {
			isa = PBXGroup;
			children = (
				1F882D1A2544BF55008C0657 /* News.swift */,
			);
			path = Model;
			sourceTree = "<group>";
		};
		1F882D152544A663008C0657 /* Views */ = {
			isa = PBXGroup;
			children = (
				1F882D162544A6B1008C0657 /* NewsCell.swift */,
				1F882D172544A6B1008C0657 /* NewsCell.xib */,
				1F4E1743254729E70044593E /* PlugView.swift */,
				1F4E174525472D080044593E /* View.xib */,
			);
			path = Views;
			sourceTree = "<group>";
		};
		1F882D1E2544C7B8008C0657 /* API */ = {
			isa = PBXGroup;
			children = (
				1F882D1F2544C7D8008C0657 /* APIService.swift */,
			);
			path = API;
			sourceTree = "<group>";
		};
		807D36204DEE659632801257 /* Pods */ = {
			isa = PBXGroup;
			children = (
				A86D09C84BD507B99757EE5F /* Pods-NewsClient.debug.xcconfig */,
				FC494C05610A697C6765F9B8 /* Pods-NewsClient.release.xcconfig */,
			);
			path = Pods;
			sourceTree = "<group>";
		};
		B38882E8C0A73227D5C333AC /* Frameworks */ = {
			isa = PBXGroup;
			children = (
				B10E311E8CB35F76BC4D511A /* Pods_NewsClient.framework */,
			);
			name = Frameworks;
			sourceTree = "<group>";
		};
/* End PBXGroup section */

/* Begin PBXNativeTarget section */
		1F882CF92544710E008C0657 /* NewsClient */ = {
			isa = PBXNativeTarget;
			buildConfigurationList = 1F882D0E25447114008C0657 /* Build configuration list for PBXNativeTarget "NewsClient" */;
			buildPhases = (
				602635EAAD9E37DA6037E375 /* [CP] Check Pods Manifest.lock */,
				1F882CF62544710E008C0657 /* Sources */,
				1F882CF72544710E008C0657 /* Frameworks */,
				1F882CF82544710E008C0657 /* Resources */,
				2066B36251437A18792C9CAF /* [CP] Embed Pods Frameworks */,
			);
			buildRules = (
			);
			dependencies = (
			);
			name = NewsClient;
			productName = NewsClient;
			productReference = 1F882CFA2544710E008C0657 /* NewsClient.app */;
			productType = "com.apple.product-type.application";
		};
/* End PBXNativeTarget section */

/* Begin PBXProject section */
		1F882CF22544710D008C0657 /* Project object */ = {
			isa = PBXProject;
			attributes = {
				LastSwiftUpdateCheck = 1170;
				LastUpgradeCheck = 1170;
				ORGANIZATIONNAME = "Aleksandr Avdukich";
				TargetAttributes = {
					1F882CF92544710E008C0657 = {
						CreatedOnToolsVersion = 11.7;
					};
				};
			};
			buildConfigurationList = 1F882CF52544710D008C0657 /* Build configuration list for PBXProject "NewsClient" */;
			compatibilityVersion = "Xcode 9.3";
			developmentRegion = en;
			hasScannedForEncodings = 0;
			knownRegions = (
				en,
				Base,
			);
			mainGroup = 1F882CF12544710D008C0657;
			productRefGroup = 1F882CFB2544710E008C0657 /* Products */;
			projectDirPath = "";
			projectRoot = "";
			targets = (
				1F882CF92544710E008C0657 /* NewsClient */,
			);
		};
/* End PBXProject section */

/* Begin PBXResourcesBuildPhase section */
		1F882CF82544710E008C0657 /* Resources */ = {
			isa = PBXResourcesBuildPhase;
			buildActionMask = 2147483647;
			files = (
				1F882D0A25447114008C0657 /* LaunchScreen.storyboard in Resources */,
				1F4E174625472D080044593E /* View.xib in Resources */,
				1F882D0725447114008C0657 /* Assets.xcassets in Resources */,
				1F882D192544A6B1008C0657 /* NewsCell.xib in Resources */,
				1F882D052544710E008C0657 /* Main.storyboard in Resources */,
			);
			runOnlyForDeploymentPostprocessing = 0;
		};
/* End PBXResourcesBuildPhase section */

/* Begin PBXShellScriptBuildPhase section */
		2066B36251437A18792C9CAF /* [CP] Embed Pods Frameworks */ = {
			isa = PBXShellScriptBuildPhase;
			buildActionMask = 2147483647;
			files = (
			);
			inputFileListPaths = (
				"${PODS_ROOT}/Target Support Files/Pods-NewsClient/Pods-NewsClient-frameworks-${CONFIGURATION}-input-files.xcfilelist",
			);
			name = "[CP] Embed Pods Frameworks";
			outputFileListPaths = (
				"${PODS_ROOT}/Target Support Files/Pods-NewsClient/Pods-NewsClient-frameworks-${CONFIGURATION}-output-files.xcfilelist",
			);
			runOnlyForDeploymentPostprocessing = 0;
			shellPath = /bin/sh;
			shellScript = "\"${PODS_ROOT}/Target Support Files/Pods-NewsClient/Pods-NewsClient-frameworks.sh\"\n";
			showEnvVarsInLog = 0;
		};
		602635EAAD9E37DA6037E375 /* [CP] Check Pods Manifest.lock */ = {
			isa = PBXShellScriptBuildPhase;
			buildActionMask = 2147483647;
			files = (
			);
			inputFileListPaths = (
			);
			inputPaths = (
				"${PODS_PODFILE_DIR_PATH}/Podfile.lock",
				"${PODS_ROOT}/Manifest.lock",
			);
			name = "[CP] Check Pods Manifest.lock";
			outputFileListPaths = (
			);
			outputPaths = (
				"$(DERIVED_FILE_DIR)/Pods-NewsClient-checkManifestLockResult.txt",
			);
			runOnlyForDeploymentPostprocessing = 0;
			shellPath = /bin/sh;
			shellScript = "diff \"${PODS_PODFILE_DIR_PATH}/Podfile.lock\" \"${PODS_ROOT}/Manifest.lock\" > /dev/null\nif [ $? != 0 ] ; then\n    # print error to STDERR\n    echo \"error: The sandbox is not in sync with the Podfile.lock. Run 'pod install' or update your CocoaPods installation.\" >&2\n    exit 1\nfi\n# This output is used by Xcode 'outputs' to avoid re-running this script phase.\necho \"SUCCESS\" > \"${SCRIPT_OUTPUT_FILE_0}\"\n";
			showEnvVarsInLog = 0;
		};
/* End PBXShellScriptBuildPhase section */

/* Begin PBXSourcesBuildPhase section */
		1F882CF62544710E008C0657 /* Sources */ = {
			isa = PBXSourcesBuildPhase;
			buildActionMask = 2147483647;
			files = (
				1F882CFE2544710E008C0657 /* AppDelegate.swift in Sources */,
				1F882D002544710E008C0657 /* SceneDelegate.swift in Sources */,
				1F882D182544A6B1008C0657 /* NewsCell.swift in Sources */,
				1F882D1D2544C52F008C0657 /* NewsTableViewController.swift in Sources */,
				1F4E1744254729E70044593E /* PlugView.swift in Sources */,
				1F882D222545C63F008C0657 /* ViewController.swift in Sources */,
				1F882D202544C7D8008C0657 /* APIService.swift in Sources */,
				1F882D1B2544BF55008C0657 /* News.swift in Sources */,
			);
			runOnlyForDeploymentPostprocessing = 0;
		};
/* End PBXSourcesBuildPhase section */

/* Begin PBXVariantGroup section */
		1F882D032544710E008C0657 /* Main.storyboard */ = {
			isa = PBXVariantGroup;
			children = (
				1F882D042544710E008C0657 /* Base */,
			);
			name = Main.storyboard;
			sourceTree = "<group>";
		};
		1F882D0825447114008C0657 /* LaunchScreen.storyboard */ = {
			isa = PBXVariantGroup;
			children = (
				1F882D0925447114008C0657 /* Base */,
			);
			name = LaunchScreen.storyboard;
			sourceTree = "<group>";
		};
/* End PBXVariantGroup section */

/* Begin XCBuildConfiguration section */
		1F882D0C25447114008C0657 /* Debug */ = {
			isa = XCBuildConfiguration;
			buildSettings = {
				ALWAYS_SEARCH_USER_PATHS = NO;
				CLANG_ANALYZER_NONNULL = YES;
				CLANG_ANALYZER_NUMBER_OBJECT_CONVERSION = YES_AGGRESSIVE;
				CLANG_CXX_LANGUAGE_STANDARD = "gnu++14";
				CLANG_CXX_LIBRARY = "libc++";
				CLANG_ENABLE_MODULES = YES;
				CLANG_ENABLE_OBJC_ARC = YES;
				CLANG_ENABLE_OBJC_WEAK = YES;
				CLANG_WARN_BLOCK_CAPTURE_AUTORELEASING = YES;
				CLANG_WARN_BOOL_CONVERSION = YES;
				CLANG_WARN_COMMA = YES;
				CLANG_WARN_CONSTANT_CONVERSION = YES;
				CLANG_WARN_DEPRECATED_OBJC_IMPLEMENTATIONS = YES;
				CLANG_WARN_DIRECT_OBJC_ISA_USAGE = YES_ERROR;
				CLANG_WARN_DOCUMENTATION_COMMENTS = YES;
				CLANG_WARN_EMPTY_BODY = YES;
				CLANG_WARN_ENUM_CONVERSION = YES;
				CLANG_WARN_INFINITE_RECURSION = YES;
				CLANG_WARN_INT_CONVERSION = YES;
				CLANG_WARN_NON_LITERAL_NULL_CONVERSION = YES;
				CLANG_WARN_OBJC_IMPLICIT_RETAIN_SELF = YES;
				CLANG_WARN_OBJC_LITERAL_CONVERSION = YES;
				CLANG_WARN_OBJC_ROOT_CLASS = YES_ERROR;
				CLANG_WARN_RANGE_LOOP_ANALYSIS = YES;
				CLANG_WARN_STRICT_PROTOTYPES = YES;
				CLANG_WARN_SUSPICIOUS_MOVE = YES;
				CLANG_WARN_UNGUARDED_AVAILABILITY = YES_AGGRESSIVE;
				CLANG_WARN_UNREACHABLE_CODE = YES;
				CLANG_WARN__DUPLICATE_METHOD_MATCH = YES;
				COPY_PHASE_STRIP = NO;
				DEBUG_INFORMATION_FORMAT = dwarf;
				ENABLE_STRICT_OBJC_MSGSEND = YES;
				ENABLE_TESTABILITY = YES;
				GCC_C_LANGUAGE_STANDARD = gnu11;
				GCC_DYNAMIC_NO_PIC = NO;
				GCC_NO_COMMON_BLOCKS = YES;
				GCC_OPTIMIZATION_LEVEL = 0;
				GCC_PREPROCESSOR_DEFINITIONS = (
					"DEBUG=1",
					"$(inherited)",
				);
				GCC_WARN_64_TO_32_BIT_CONVERSION = YES;
				GCC_WARN_ABOUT_RETURN_TYPE = YES_ERROR;
				GCC_WARN_UNDECLARED_SELECTOR = YES;
				GCC_WARN_UNINITIALIZED_AUTOS = YES_AGGRESSIVE;
				GCC_WARN_UNUSED_FUNCTION = YES;
				GCC_WARN_UNUSED_VARIABLE = YES;
				IPHONEOS_DEPLOYMENT_TARGET = 13.7;
				MTL_ENABLE_DEBUG_INFO = INCLUDE_SOURCE;
				MTL_FAST_MATH = YES;
				ONLY_ACTIVE_ARCH = YES;
				SDKROOT = iphoneos;
				SWIFT_ACTIVE_COMPILATION_CONDITIONS = DEBUG;
				SWIFT_OPTIMIZATION_LEVEL = "-Onone";
			};
			name = Debug;
		};
		1F882D0D25447114008C0657 /* Release */ = {
			isa = XCBuildConfiguration;
			buildSettings = {
				ALWAYS_SEARCH_USER_PATHS = NO;
				CLANG_ANALYZER_NONNULL = YES;
				CLANG_ANALYZER_NUMBER_OBJECT_CONVERSION = YES_AGGRESSIVE;
				CLANG_CXX_LANGUAGE_STANDARD = "gnu++14";
				CLANG_CXX_LIBRARY = "libc++";
				CLANG_ENABLE_MODULES = YES;
				CLANG_ENABLE_OBJC_ARC = YES;
				CLANG_ENABLE_OBJC_WEAK = YES;
				CLANG_WARN_BLOCK_CAPTURE_AUTORELEASING = YES;
				CLANG_WARN_BOOL_CONVERSION = YES;
				CLANG_WARN_COMMA = YES;
				CLANG_WARN_CONSTANT_CONVERSION = YES;
				CLANG_WARN_DEPRECATED_OBJC_IMPLEMENTATIONS = YES;
				CLANG_WARN_DIRECT_OBJC_ISA_USAGE = YES_ERROR;
				CLANG_WARN_DOCUMENTATION_COMMENTS = YES;
				CLANG_WARN_EMPTY_BODY = YES;
				CLANG_WARN_ENUM_CONVERSION = YES;
				CLANG_WARN_INFINITE_RECURSION = YES;
				CLANG_WARN_INT_CONVERSION = YES;
				CLANG_WARN_NON_LITERAL_NULL_CONVERSION = YES;
				CLANG_WARN_OBJC_IMPLICIT_RETAIN_SELF = YES;
				CLANG_WARN_OBJC_LITERAL_CONVERSION = YES;
				CLANG_WARN_OBJC_ROOT_CLASS = YES_ERROR;
				CLANG_WARN_RANGE_LOOP_ANALYSIS = YES;
				CLANG_WARN_STRICT_PROTOTYPES = YES;
				CLANG_WARN_SUSPICIOUS_MOVE = YES;
				CLANG_WARN_UNGUARDED_AVAILABILITY = YES_AGGRESSIVE;
				CLANG_WARN_UNREACHABLE_CODE = YES;
				CLANG_WARN__DUPLICATE_METHOD_MATCH = YES;
				COPY_PHASE_STRIP = NO;
				DEBUG_INFORMATION_FORMAT = "dwarf-with-dsym";
				ENABLE_NS_ASSERTIONS = NO;
				ENABLE_STRICT_OBJC_MSGSEND = YES;
				GCC_C_LANGUAGE_STANDARD = gnu11;
				GCC_NO_COMMON_BLOCKS = YES;
				GCC_WARN_64_TO_32_BIT_CONVERSION = YES;
				GCC_WARN_ABOUT_RETURN_TYPE = YES_ERROR;
				GCC_WARN_UNDECLARED_SELECTOR = YES;
				GCC_WARN_UNINITIALIZED_AUTOS = YES_AGGRESSIVE;
				GCC_WARN_UNUSED_FUNCTION = YES;
				GCC_WARN_UNUSED_VARIABLE = YES;
				IPHONEOS_DEPLOYMENT_TARGET = 13.7;
				MTL_ENABLE_DEBUG_INFO = NO;
				MTL_FAST_MATH = YES;
				SDKROOT = iphoneos;
				SWIFT_COMPILATION_MODE = wholemodule;
				SWIFT_OPTIMIZATION_LEVEL = "-O";
				VALIDATE_PRODUCT = YES;
			};
			name = Release;
		};
		1F882D0F25447114008C0657 /* Debug */ = {
			isa = XCBuildConfiguration;
			baseConfigurationReference = A86D09C84BD507B99757EE5F /* Pods-NewsClient.debug.xcconfig */;
			buildSettings = {
				ASSETCATALOG_COMPILER_APPICON_NAME = AppIcon;
				CODE_SIGN_STYLE = Automatic;
				DEVELOPMENT_TEAM = 36763Q3UE3;
				INFOPLIST_FILE = NewsClient/Info.plist;
				LD_RUNPATH_SEARCH_PATHS = (
					"$(inherited)",
					"@executable_path/Frameworks",
				);
				PRODUCT_BUNDLE_IDENTIFIER = "com.ios-programming.NewsClient";
				PRODUCT_NAME = "$(TARGET_NAME)";
				SWIFT_VERSION = 5.0;
				TARGETED_DEVICE_FAMILY = "1,2";
			};
			name = Debug;
		};
		1F882D1025447114008C0657 /* Release */ = {
			isa = XCBuildConfiguration;
			baseConfigurationReference = FC494C05610A697C6765F9B8 /* Pods-NewsClient.release.xcconfig */;
			buildSettings = {
				ASSETCATALOG_COMPILER_APPICON_NAME = AppIcon;
				CODE_SIGN_STYLE = Automatic;
				DEVELOPMENT_TEAM = 36763Q3UE3;
				INFOPLIST_FILE = NewsClient/Info.plist;
				LD_RUNPATH_SEARCH_PATHS = (
					"$(inherited)",
					"@executable_path/Frameworks",
				);
				PRODUCT_BUNDLE_IDENTIFIER = "com.ios-programming.NewsClient";
				PRODUCT_NAME = "$(TARGET_NAME)";
				SWIFT_VERSION = 5.0;
				TARGETED_DEVICE_FAMILY = "1,2";
			};
			name = Release;
		};
/* End XCBuildConfiguration section */

/* Begin XCConfigurationList section */
		1F882CF52544710D008C0657 /* Build configuration list for PBXProject "NewsClient" */ = {
			isa = XCConfigurationList;
			buildConfigurations = (
				1F882D0C25447114008C0657 /* Debug */,
				1F882D0D25447114008C0657 /* Release */,
			);
			defaultConfigurationIsVisible = 0;
			defaultConfigurationName = Release;
		};
		1F882D0E25447114008C0657 /* Build configuration list for PBXNativeTarget "NewsClient" */ = {
			isa = XCConfigurationList;
			buildConfigurations = (
				1F882D0F25447114008C0657 /* Debug */,
				1F882D1025447114008C0657 /* Release */,
			);
			defaultConfigurationIsVisible = 0;
			defaultConfigurationName = Release;
		};
/* End XCConfigurationList section */
	};
	rootObject = 1F882CF22544710D008C0657 /* Project object */;
}
